// !$*UTF8*$!
{
	archiveVersion = 1;
	classes = {
	};
	objectVersion = 50;
	objects = {

/* Begin PBXBuildFile section */
		AB440E62235E2AB1007DC2E9 /* AppDelegate.swift in Sources */ = {isa = PBXBuildFile; fileRef = AB440E61235E2AB1007DC2E9 /* AppDelegate.swift */; };
		AB440E64235E2AB1007DC2E9 /* SceneDelegate.swift in Sources */ = {isa = PBXBuildFile; fileRef = AB440E63235E2AB1007DC2E9 /* SceneDelegate.swift */; };
		AB440E66235E2AB1007DC2E9 /* ViewController.swift in Sources */ = {isa = PBXBuildFile; fileRef = AB440E65235E2AB1007DC2E9 /* ViewController.swift */; };
		AB440E69235E2AB1007DC2E9 /* Main.storyboard in Resources */ = {isa = PBXBuildFile; fileRef = AB440E67235E2AB1007DC2E9 /* Main.storyboard */; };
		AB440E6B235E2AB3007DC2E9 /* Assets.xcassets in Resources */ = {isa = PBXBuildFile; fileRef = AB440E6A235E2AB3007DC2E9 /* Assets.xcassets */; };
		AB440E6E235E2AB3007DC2E9 /* LaunchScreen.storyboard in Resources */ = {isa = PBXBuildFile; fileRef = AB440E6C235E2AB3007DC2E9 /* LaunchScreen.storyboard */; };
		AB440E76235E2B1E007DC2E9 /* cusButton.swift in Sources */ = {isa = PBXBuildFile; fileRef = AB440E75235E2B1E007DC2E9 /* cusButton.swift */; };
		AB440E79235E2DCF007DC2E9 /* Assassin$.ttf in Resources */ = {isa = PBXBuildFile; fileRef = AB440E78235E2DCF007DC2E9 /* Assassin$.ttf */; };
		AB440E7D235E532A007DC2E9 /* cusLabel.swift in Sources */ = {isa = PBXBuildFile; fileRef = AB440E7C235E532A007DC2E9 /* cusLabel.swift */; };
/* End PBXBuildFile section */

/* Begin PBXFileReference section */
		AB440E5E235E2AB1007DC2E9 /* constraints_sample_app.app */ = {isa = PBXFileReference; explicitFileType = wrapper.application; includeInIndex = 0; path = constraints_sample_app.app; sourceTree = BUILT_PRODUCTS_DIR; };
		AB440E61235E2AB1007DC2E9 /* AppDelegate.swift */ = {isa = PBXFileReference; lastKnownFileType = sourcecode.swift; path = AppDelegate.swift; sourceTree = "<group>"; };
		AB440E63235E2AB1007DC2E9 /* SceneDelegate.swift */ = {isa = PBXFileReference; lastKnownFileType = sourcecode.swift; path = SceneDelegate.swift; sourceTree = "<group>"; };
		AB440E65235E2AB1007DC2E9 /* ViewController.swift */ = {isa = PBXFileReference; lastKnownFileType = sourcecode.swift; path = ViewController.swift; sourceTree = "<group>"; };
		AB440E68235E2AB1007DC2E9 /* Base */ = {isa = PBXFileReference; lastKnownFileType = file.storyboard; name = Base; path = Base.lproj/Main.storyboard; sourceTree = "<group>"; };
		AB440E6A235E2AB3007DC2E9 /* Assets.xcassets */ = {isa = PBXFileReference; lastKnownFileType = folder.assetcatalog; path = Assets.xcassets; sourceTree = "<group>"; };
		AB440E6D235E2AB3007DC2E9 /* Base */ = {isa = PBXFileReference; lastKnownFileType = file.storyboard; name = Base; path = Base.lproj/LaunchScreen.storyboard; sourceTree = "<group>"; };
		AB440E6F235E2AB3007DC2E9 /* Info.plist */ = {isa = PBXFileReference; lastKnownFileType = text.plist.xml; path = Info.plist; sourceTree = "<group>"; };
		AB440E75235E2B1E007DC2E9 /* cusButton.swift */ = {isa = PBXFileReference; lastKnownFileType = sourcecode.swift; path = cusButton.swift; sourceTree = "<group>"; };
		AB440E78235E2DCF007DC2E9 /* Assassin$.ttf */ = {isa = PBXFileReference; lastKnownFileType = file; name = Assassin$.ttf; path = ../../../../Downloads/assassin/Assassin$.ttf; sourceTree = "<group>"; };
		AB440E7C235E532A007DC2E9 /* cusLabel.swift */ = {isa = PBXFileReference; lastKnownFileType = sourcecode.swift; path = cusLabel.swift; sourceTree = "<group>"; };
/* End PBXFileReference section */

/* Begin PBXFrameworksBuildPhase section */
		AB440E5B235E2AB1007DC2E9 /* Frameworks */ = {
			isa = PBXFrameworksBuildPhase;
			buildActionMask = 2147483647;
			files = (
			);
			runOnlyForDeploymentPostprocessing = 0;
		};
/* End PBXFrameworksBuildPhase section */

/* Begin PBXGroup section */
		AB440E55235E2AB1007DC2E9 = {
			isa = PBXGroup;
			children = (
				AB440E60235E2AB1007DC2E9 /* constraints_sample_app */,
				AB440E5F235E2AB1007DC2E9 /* Products */,
			);
			sourceTree = "<group>";
		};
		AB440E5F235E2AB1007DC2E9 /* Products */ = {
			isa = PBXGroup;
			children = (
				AB440E5E235E2AB1007DC2E9 /* constraints_sample_app.app */,
			);
			name = Products;
			sourceTree = "<group>";
		};
		AB440E60235E2AB1007DC2E9 /* constraints_sample_app */ = {
			isa = PBXGroup;
			children = (
				AB440E77235E2C94007DC2E9 /* Fonts */,
				AB440E61235E2AB1007DC2E9 /* AppDelegate.swift */,
				AB440E63235E2AB1007DC2E9 /* SceneDelegate.swift */,
				AB440E65235E2AB1007DC2E9 /* ViewController.swift */,
				AB440E67235E2AB1007DC2E9 /* Main.storyboard */,
				AB440E6A235E2AB3007DC2E9 /* Assets.xcassets */,
				AB440E6C235E2AB3007DC2E9 /* LaunchScreen.storyboard */,
				AB440E6F235E2AB3007DC2E9 /* Info.plist */,
				AB440E75235E2B1E007DC2E9 /* cusButton.swift */,
				AB440E7C235E532A007DC2E9 /* cusLabel.swift */,
			);
			path = constraints_sample_app;
			sourceTree = "<group>";
		};
		AB440E77235E2C94007DC2E9 /* Fonts */ = {
			isa = PBXGroup;
			children = (
				AB440E78235E2DCF007DC2E9 /* Assassin$.ttf */,
			);
			path = Fonts;
			sourceTree = "<group>";
		};
/* End PBXGroup section */

/* Begin PBXNativeTarget section */
		AB440E5D235E2AB1007DC2E9 /* constraints_sample_app */ = {
			isa = PBXNativeTarget;
			buildConfigurationList = AB440E72235E2AB3007DC2E9 /* Build configuration list for PBXNativeTarget "constraints_sample_app" */;
			buildPhases = (
				AB440E5A235E2AB1007DC2E9 /* Sources */,
				AB440E5B235E2AB1007DC2E9 /* Frameworks */,
				AB440E5C235E2AB1007DC2E9 /* Resources */,
			);
			buildRules = (
			);
			dependencies = (
			);
			name = constraints_sample_app;
			productName = constraints_sample_app;
			productReference = AB440E5E235E2AB1007DC2E9 /* constraints_sample_app.app */;
			productType = "com.apple.product-type.application";
		};
/* End PBXNativeTarget section */

/* Begin PBXProject section */
		AB440E56235E2AB1007DC2E9 /* Project object */ = {
			isa = PBXProject;
			attributes = {
				LastSwiftUpdateCheck = 1110;
				LastUpgradeCheck = 1110;
				ORGANIZATIONNAME = Shockedeel;
				TargetAttributes = {
					AB440E5D235E2AB1007DC2E9 = {
						CreatedOnToolsVersion = 11.1;
					};
				};
			};
			buildConfigurationList = AB440E59235E2AB1007DC2E9 /* Build configuration list for PBXProject "constraints_sample_app" */;
			compatibilityVersion = "Xcode 9.3";
			developmentRegion = en;
			hasScannedForEncodings = 0;
			knownRegions = (
				en,
				Base,
			);
			mainGroup = AB440E55235E2AB1007DC2E9;
			productRefGroup = AB440E5F235E2AB1007DC2E9 /* Products */;
			projectDirPath = "";
			projectRoot = "";
			targets = (
				AB440E5D235E2AB1007DC2E9 /* constraints_sample_app */,
			);
		};
/* End PBXProject section */

/* Begin PBXResourcesBuildPhase section */
		AB440E5C235E2AB1007DC2E9 /* Resources */ = {
			isa = PBXResourcesBuildPhase;
			buildActionMask = 2147483647;
			files = (
				AB440E6E235E2AB3007DC2E9 /* LaunchScreen.storyboard in Resources */,
				AB440E6B235E2AB3007DC2E9 /* Assets.xcassets in Resources */,
				AB440E79235E2DCF007DC2E9 /* Assassin$.ttf in Resources */,
				AB440E69235E2AB1007DC2E9 /* Main.storyboard in Resources */,
			);
			runOnlyForDeploymentPostprocessing = 0;
		};
/* End PBXResourcesBuildPhase section */

/* Begin PBXSourcesBuildPhase section */
		AB440E5A235E2AB1007DC2E9 /* Sources */ = {
			isa = PBXSourcesBuildPhase;
			buildActionMask = 2147483647;
			files = (
				AB440E66235E2AB1007DC2E9 /* ViewController.swift in Sources */,
				AB440E76235E2B1E007DC2E9 /* cusButton.swift in Sources */,
				AB440E62235E2AB1007DC2E9 /* AppDelegate.swift in Sources */,
				AB440E7D235E532A007DC2E9 /* cusLabel.swift in Sources */,
				AB440E64235E2AB1007DC2E9 /* SceneDelegate.swift in Sources */,
			);
			runOnlyForDeploymentPostprocessing = 0;
		};
/* End PBXSourcesBuildPhase section */

/* Begin PBXVariantGroup section */
		AB440E67235E2AB1007DC2E9 /* Main.storyboard */ = {
			isa = PBXVariantGroup;
			children = (
				AB440E68235E2AB1007DC2E9 /* Base */,
			);
			name = Main.storyboard;
			sourceTree = "<group>";
		};
		AB440E6C235E2AB3007DC2E9 /* LaunchScreen.storyboard */ = {
			isa = PBXVariantGroup;
			children = (
				AB440E6D235E2AB3007DC2E9 /* Base */,
			);
			name = LaunchScreen.storyboard;
			sourceTree = "<group>";
		};
/* End PBXVariantGroup section */

/* Begin XCBuildConfiguration section */
		AB440E70235E2AB3007DC2E9 /* Debug */ = {
			isa = XCBuildConfiguration;
			buildSettings = {
				ALWAYS_SEARCH_USER_PATHS = NO;
				CLANG_ANALYZER_NONNULL = YES;
				CLANG_ANALYZER_NUMBER_OBJECT_CONVERSION = YES_AGGRESSIVE;
				CLANG_CXX_LANGUAGE_STANDARD = "gnu++14";
				CLANG_CXX_LIBRARY = "libc++";
				CLANG_ENABLE_MODULES = YES;
				CLANG_ENABLE_OBJC_ARC = YES;
				CLANG_ENABLE_OBJC_WEAK = YES;
				CLANG_WARN_BLOCK_CAPTURE_AUTORELEASING = YES;
				CLANG_WARN_BOOL_CONVERSION = YES;
				CLANG_WARN_COMMA = YES;
				CLANG_WARN_CONSTANT_CONVERSION = YES;
				CLANG_WARN_DEPRECATED_OBJC_IMPLEMENTATIONS = YES;
				CLANG_WARN_DIRECT_OBJC_ISA_USAGE = YES_ERROR;
				CLANG_WARN_DOCUMENTATION_COMMENTS = YES;
				CLANG_WARN_EMPTY_BODY = YES;
				CLANG_WARN_ENUM_CONVERSION = YES;
				CLANG_WARN_INFINITE_RECURSION = YES;
				CLANG_WARN_INT_CONVERSION = YES;
				CLANG_WARN_NON_LITERAL_NULL_CONVERSION = YES;
				CLANG_WARN_OBJC_IMPLICIT_RETAIN_SELF = YES;
				CLANG_WARN_OBJC_LITERAL_CONVERSION = YES;
				CLANG_WARN_OBJC_ROOT_CLASS = YES_ERROR;
				CLANG_WARN_RANGE_LOOP_ANALYSIS = YES;
				CLANG_WARN_STRICT_PROTOTYPES = YES;
				CLANG_WARN_SUSPICIOUS_MOVE = YES;
				CLANG_WARN_UNGUARDED_AVAILABILITY = YES_AGGRESSIVE;
				CLANG_WARN_UNREACHABLE_CODE = YES;
				CLANG_WARN__DUPLICATE_METHOD_MATCH = YES;
				COPY_PHASE_STRIP = NO;
				DEBUG_INFORMATION_FORMAT = dwarf;
				ENABLE_STRICT_OBJC_MSGSEND = YES;
				ENABLE_TESTABILITY = YES;
				GCC_C_LANGUAGE_STANDARD = gnu11;
				GCC_DYNAMIC_NO_PIC = NO;
				GCC_NO_COMMON_BLOCKS = YES;
				GCC_OPTIMIZATION_LEVEL = 0;
				GCC_PREPROCESSOR_DEFINITIONS = (
					"DEBUG=1",
					"$(inherited)",
				);
				GCC_WARN_64_TO_32_BIT_CONVERSION = YES;
				GCC_WARN_ABOUT_RETURN_TYPE = YES_ERROR;
				GCC_WARN_UNDECLARED_SELECTOR = YES;
				GCC_WARN_UNINITIALIZED_AUTOS = YES_AGGRESSIVE;
				GCC_WARN_UNUSED_FUNCTION = YES;
				GCC_WARN_UNUSED_VARIABLE = YES;
				IPHONEOS_DEPLOYMENT_TARGET = 13.1;
				MTL_ENABLE_DEBUG_INFO = INCLUDE_SOURCE;
				MTL_FAST_MATH = YES;
				ONLY_ACTIVE_ARCH = YES;
				SDKROOT = iphoneos;
				SWIFT_ACTIVE_COMPILATION_CONDITIONS = DEBUG;
				SWIFT_OPTIMIZATION_LEVEL = "-Onone";
			};
			name = Debug;
		};
		AB440E71235E2AB3007DC2E9 /* Release */ = {
			isa = XCBuildConfiguration;
			buildSettings = {
				ALWAYS_SEARCH_USER_PATHS = NO;
				CLANG_ANALYZER_NONNULL = YES;
				CLANG_ANALYZER_NUMBER_OBJECT_CONVERSION = YES_AGGRESSIVE;
				CLANG_CXX_LANGUAGE_STANDARD = "gnu++14";
				CLANG_CXX_LIBRARY = "libc++";
				CLANG_ENABLE_MODULES = YES;
				CLANG_ENABLE_OBJC_ARC = YES;
				CLANG_ENABLE_OBJC_WEAK = YES;
				CLANG_WARN_BLOCK_CAPTURE_AUTORELEASING = YES;
				CLANG_WARN_BOOL_CONVERSION = YES;
				CLANG_WARN_COMMA = YES;
				CLANG_WARN_CONSTANT_CONVERSION = YES;
				CLANG_WARN_DEPRECATED_OBJC_IMPLEMENTATIONS = YES;
				CLANG_WARN_DIRECT_OBJC_ISA_USAGE = YES_ERROR;
				CLANG_WARN_DOCUMENTATION_COMMENTS = YES;
				CLANG_WARN_EMPTY_BODY = YES;
				CLANG_WARN_ENUM_CONVERSION = YES;
				CLANG_WARN_INFINITE_RECURSION = YES;
				CLANG_WARN_INT_CONVERSION = YES;
				CLANG_WARN_NON_LITERAL_NULL_CONVERSION = YES;
				CLANG_WARN_OBJC_IMPLICIT_RETAIN_SELF = YES;
				CLANG_WARN_OBJC_LITERAL_CONVERSION = YES;
				CLANG_WARN_OBJC_ROOT_CLASS = YES_ERROR;
				CLANG_WARN_RANGE_LOOP_ANALYSIS = YES;
				CLANG_WARN_STRICT_PROTOTYPES = YES;
				CLANG_WARN_SUSPICIOUS_MOVE = YES;
				CLANG_WARN_UNGUARDED_AVAILABILITY = YES_AGGRESSIVE;
				CLANG_WARN_UNREACHABLE_CODE = YES;
				CLANG_WARN__DUPLICATE_METHOD_MATCH = YES;
				COPY_PHASE_STRIP = NO;
				DEBUG_INFORMATION_FORMAT = "dwarf-with-dsym";
				ENABLE_NS_ASSERTIONS = NO;
				ENABLE_STRICT_OBJC_MSGSEND = YES;
				GCC_C_LANGUAGE_STANDARD = gnu11;
				GCC_NO_COMMON_BLOCKS = YES;
				GCC_WARN_64_TO_32_BIT_CONVERSION = YES;
				GCC_WARN_ABOUT_RETURN_TYPE = YES_ERROR;
				GCC_WARN_UNDECLARED_SELECTOR = YES;
				GCC_WARN_UNINITIALIZED_AUTOS = YES_AGGRESSIVE;
				GCC_WARN_UNUSED_FUNCTION = YES;
				GCC_WARN_UNUSED_VARIABLE = YES;
				IPHONEOS_DEPLOYMENT_TARGET = 13.1;
				MTL_ENABLE_DEBUG_INFO = NO;
				MTL_FAST_MATH = YES;
				SDKROOT = iphoneos;
				SWIFT_COMPILATION_MODE = wholemodule;
				SWIFT_OPTIMIZATION_LEVEL = "-O";
				VALIDATE_PRODUCT = YES;
			};
			name = Release;
		};
		AB440E73235E2AB3007DC2E9 /* Debug */ = {
			isa = XCBuildConfiguration;
			buildSettings = {
				ASSETCATALOG_COMPILER_APPICON_NAME = AppIcon;
				CODE_SIGN_STYLE = Automatic;
				INFOPLIST_FILE = constraints_sample_app/Info.plist;
				LD_RUNPATH_SEARCH_PATHS = (
					"$(inherited)",
					"@executable_path/Frameworks",
				);
				PRODUCT_BUNDLE_IDENTIFIER = "com.kolbesurran.constraints-sample-app";
				PRODUCT_NAME = "$(TARGET_NAME)";
				SWIFT_VERSION = 5.0;
				TARGETED_DEVICE_FAMILY = "1,2";
			};
			name = Debug;
		};
		AB440E74235E2AB3007DC2E9 /* Release */ = {
			isa = XCBuildConfiguration;
			buildSettings = {
				ASSETCATALOG_COMPILER_APPICON_NAME = AppIcon;
				CODE_SIGN_STYLE = Automatic;
				INFOPLIST_FILE = constraints_sample_app/Info.plist;
				LD_RUNPATH_SEARCH_PATHS = (
					"$(inherited)",
					"@executable_path/Frameworks",
				);
				PRODUCT_BUNDLE_IDENTIFIER = "com.kolbesurran.constraints-sample-app";
				PRODUCT_NAME = "$(TARGET_NAME)";
				SWIFT_VERSION = 5.0;
				TARGETED_DEVICE_FAMILY = "1,2";
			};
			name = Release;
		};
/* End XCBuildConfiguration section */

/* Begin XCConfigurationList section */
		AB440E59235E2AB1007DC2E9 /* Build configuration list for PBXProject "constraints_sample_app" */ = {
			isa = XCConfigurationList;
			buildConfigurations = (
				AB440E70235E2AB3007DC2E9 /* Debug */,
				AB440E71235E2AB3007DC2E9 /* Release */,
			);
			defaultConfigurationIsVisible = 0;
			defaultConfigurationName = Release;
		};
		AB440E72235E2AB3007DC2E9 /* Build configuration list for PBXNativeTarget "constraints_sample_app" */ = {
			isa = XCConfigurationList;
			buildConfigurations = (
				AB440E73235E2AB3007DC2E9 /* Debug */,
				AB440E74235E2AB3007DC2E9 /* Release */,
			);
			defaultConfigurationIsVisible = 0;
			defaultConfigurationName = Release;
		};
/* End XCConfigurationList section */
	};
	rootObject = AB440E56235E2AB1007DC2E9 /* Project object */;
}
